// !$*UTF8*$!
{
	archiveVersion = 1;
	classes = {
	};
	objectVersion = 50;
	objects = {

/* Begin PBXBuildFile section */
		555B99B026F4CF2A00FCDFDF /* AppDelegate.swift in Sources */ = {isa = PBXBuildFile; fileRef = 555B99AF26F4CF2A00FCDFDF /* AppDelegate.swift */; };
		555B99B226F4CF2A00FCDFDF /* SceneDelegate.swift in Sources */ = {isa = PBXBuildFile; fileRef = 555B99B126F4CF2A00FCDFDF /* SceneDelegate.swift */; };
		555B99BA26F4CF2A00FCDFDF /* test_FINAM.xcdatamodeld in Sources */ = {isa = PBXBuildFile; fileRef = 555B99B826F4CF2A00FCDFDF /* test_FINAM.xcdatamodeld */; };
		555B99BC26F4CF2B00FCDFDF /* Assets.xcassets in Resources */ = {isa = PBXBuildFile; fileRef = 555B99BB26F4CF2B00FCDFDF /* Assets.xcassets */; };
		555B99BF26F4CF2B00FCDFDF /* LaunchScreen.storyboard in Resources */ = {isa = PBXBuildFile; fileRef = 555B99BD26F4CF2B00FCDFDF /* LaunchScreen.storyboard */; };
		555B99CA26F4F60100FCDFDF /* UIView+Ext.swift in Sources */ = {isa = PBXBuildFile; fileRef = 555B99C926F4F60100FCDFDF /* UIView+Ext.swift */; };
		555B99CE26F4F71000FCDFDF /* NewsViewController.swift in Sources */ = {isa = PBXBuildFile; fileRef = 555B99CD26F4F71000FCDFDF /* NewsViewController.swift */; };
		555B99D126F4FA6100FCDFDF /* NewsCell.swift in Sources */ = {isa = PBXBuildFile; fileRef = 555B99D026F4FA6100FCDFDF /* NewsCell.swift */; };
		555B99D426F5012200FCDFDF /* Service.swift in Sources */ = {isa = PBXBuildFile; fileRef = 555B99D326F5012200FCDFDF /* Service.swift */; };
		555B99D726F5018800FCDFDF /* News.swift in Sources */ = {isa = PBXBuildFile; fileRef = 555B99D626F5018800FCDFDF /* News.swift */; };
		555B99DA26F771F800FCDFDF /* DetailsViewController.swift in Sources */ = {isa = PBXBuildFile; fileRef = 555B99D926F771F800FCDFDF /* DetailsViewController.swift */; };
/* End PBXBuildFile section */

/* Begin PBXFileReference section */
		555B99AC26F4CF2A00FCDFDF /* test_FINAM.app */ = {isa = PBXFileReference; explicitFileType = wrapper.application; includeInIndex = 0; path = test_FINAM.app; sourceTree = BUILT_PRODUCTS_DIR; };
		555B99AF26F4CF2A00FCDFDF /* AppDelegate.swift */ = {isa = PBXFileReference; lastKnownFileType = sourcecode.swift; path = AppDelegate.swift; sourceTree = "<group>"; };
		555B99B126F4CF2A00FCDFDF /* SceneDelegate.swift */ = {isa = PBXFileReference; lastKnownFileType = sourcecode.swift; path = SceneDelegate.swift; sourceTree = "<group>"; };
		555B99B926F4CF2A00FCDFDF /* test_FINAM.xcdatamodel */ = {isa = PBXFileReference; lastKnownFileType = wrapper.xcdatamodel; path = test_FINAM.xcdatamodel; sourceTree = "<group>"; };
		555B99BB26F4CF2B00FCDFDF /* Assets.xcassets */ = {isa = PBXFileReference; lastKnownFileType = folder.assetcatalog; path = Assets.xcassets; sourceTree = "<group>"; };
		555B99BE26F4CF2B00FCDFDF /* Base */ = {isa = PBXFileReference; lastKnownFileType = file.storyboard; name = Base; path = Base.lproj/LaunchScreen.storyboard; sourceTree = "<group>"; };
		555B99C026F4CF2B00FCDFDF /* Info.plist */ = {isa = PBXFileReference; lastKnownFileType = text.plist.xml; path = Info.plist; sourceTree = "<group>"; };
		555B99C926F4F60100FCDFDF /* UIView+Ext.swift */ = {isa = PBXFileReference; lastKnownFileType = sourcecode.swift; path = "UIView+Ext.swift"; sourceTree = "<group>"; };
		555B99CD26F4F71000FCDFDF /* NewsViewController.swift */ = {isa = PBXFileReference; lastKnownFileType = sourcecode.swift; path = NewsViewController.swift; sourceTree = "<group>"; };
		555B99D026F4FA6100FCDFDF /* NewsCell.swift */ = {isa = PBXFileReference; lastKnownFileType = sourcecode.swift; path = NewsCell.swift; sourceTree = "<group>"; };
		555B99D326F5012200FCDFDF /* Service.swift */ = {isa = PBXFileReference; lastKnownFileType = sourcecode.swift; path = Service.swift; sourceTree = "<group>"; };
		555B99D626F5018800FCDFDF /* News.swift */ = {isa = PBXFileReference; lastKnownFileType = sourcecode.swift; path = News.swift; sourceTree = "<group>"; };
		555B99D926F771F800FCDFDF /* DetailsViewController.swift */ = {isa = PBXFileReference; lastKnownFileType = sourcecode.swift; path = DetailsViewController.swift; sourceTree = "<group>"; };
/* End PBXFileReference section */

/* Begin PBXFrameworksBuildPhase section */
		555B99A926F4CF2A00FCDFDF /* Frameworks */ = {
			isa = PBXFrameworksBuildPhase;
			buildActionMask = 2147483647;
			files = (
			);
			runOnlyForDeploymentPostprocessing = 0;
		};
/* End PBXFrameworksBuildPhase section */

/* Begin PBXGroup section */
		555B99A326F4CF2A00FCDFDF = {
			isa = PBXGroup;
			children = (
				555B99AE26F4CF2A00FCDFDF /* test_FINAM */,
				555B99AD26F4CF2A00FCDFDF /* Products */,
			);
			sourceTree = "<group>";
		};
		555B99AD26F4CF2A00FCDFDF /* Products */ = {
			isa = PBXGroup;
			children = (
				555B99AC26F4CF2A00FCDFDF /* test_FINAM.app */,
			);
			name = Products;
			sourceTree = "<group>";
		};
		555B99AE26F4CF2A00FCDFDF /* test_FINAM */ = {
			isa = PBXGroup;
			children = (
				555B99AF26F4CF2A00FCDFDF /* AppDelegate.swift */,
				555B99B126F4CF2A00FCDFDF /* SceneDelegate.swift */,
				555B99BB26F4CF2B00FCDFDF /* Assets.xcassets */,
				555B99BD26F4CF2B00FCDFDF /* LaunchScreen.storyboard */,
				555B99C026F4CF2B00FCDFDF /* Info.plist */,
				555B99B826F4CF2A00FCDFDF /* test_FINAM.xcdatamodeld */,
				555B99C926F4F60100FCDFDF /* UIView+Ext.swift */,
				555B99CD26F4F71000FCDFDF /* NewsViewController.swift */,
				555B99D026F4FA6100FCDFDF /* NewsCell.swift */,
				555B99D326F5012200FCDFDF /* Service.swift */,
				555B99D626F5018800FCDFDF /* News.swift */,
				555B99D926F771F800FCDFDF /* DetailsViewController.swift */,
			);
			path = test_FINAM;
			sourceTree = "<group>";
		};
/* End PBXGroup section */

/* Begin PBXNativeTarget section */
		555B99AB26F4CF2A00FCDFDF /* test_FINAM */ = {
			isa = PBXNativeTarget;
			buildConfigurationList = 555B99C326F4CF2B00FCDFDF /* Build configuration list for PBXNativeTarget "test_FINAM" */;
			buildPhases = (
				555B99A826F4CF2A00FCDFDF /* Sources */,
				555B99A926F4CF2A00FCDFDF /* Frameworks */,
				555B99AA26F4CF2A00FCDFDF /* Resources */,
			);
			buildRules = (
			);
			dependencies = (
			);
			name = test_FINAM;
			productName = test_FINAM;
			productReference = 555B99AC26F4CF2A00FCDFDF /* test_FINAM.app */;
			productType = "com.apple.product-type.application";
		};
/* End PBXNativeTarget section */

/* Begin PBXProject section */
		555B99A426F4CF2A00FCDFDF /* Project object */ = {
			isa = PBXProject;
			attributes = {
				LastSwiftUpdateCheck = 1240;
				LastUpgradeCheck = 1240;
				TargetAttributes = {
					555B99AB26F4CF2A00FCDFDF = {
						CreatedOnToolsVersion = 12.4;
					};
				};
			};
			buildConfigurationList = 555B99A726F4CF2A00FCDFDF /* Build configuration list for PBXProject "test_FINAM" */;
			compatibilityVersion = "Xcode 9.3";
			developmentRegion = en;
			hasScannedForEncodings = 0;
			knownRegions = (
				en,
				Base,
			);
			mainGroup = 555B99A326F4CF2A00FCDFDF;
			productRefGroup = 555B99AD26F4CF2A00FCDFDF /* Products */;
			projectDirPath = "";
			projectRoot = "";
			targets = (
				555B99AB26F4CF2A00FCDFDF /* test_FINAM */,
			);
		};
/* End PBXProject section */

/* Begin PBXResourcesBuildPhase section */
		555B99AA26F4CF2A00FCDFDF /* Resources */ = {
			isa = PBXResourcesBuildPhase;
			buildActionMask = 2147483647;
			files = (
				555B99BF26F4CF2B00FCDFDF /* LaunchScreen.storyboard in Resources */,
				555B99BC26F4CF2B00FCDFDF /* Assets.xcassets in Resources */,
			);
			runOnlyForDeploymentPostprocessing = 0;
		};
/* End PBXResourcesBuildPhase section */

/* Begin PBXSourcesBuildPhase section */
		555B99A826F4CF2A00FCDFDF /* Sources */ = {
			isa = PBXSourcesBuildPhase;
			buildActionMask = 2147483647;
			files = (
				555B99BA26F4CF2A00FCDFDF /* test_FINAM.xcdatamodeld in Sources */,
				555B99D426F5012200FCDFDF /* Service.swift in Sources */,
				555B99D726F5018800FCDFDF /* News.swift in Sources */,
				555B99DA26F771F800FCDFDF /* DetailsViewController.swift in Sources */,
				555B99CA26F4F60100FCDFDF /* UIView+Ext.swift in Sources */,
				555B99B026F4CF2A00FCDFDF /* AppDelegate.swift in Sources */,
				555B99CE26F4F71000FCDFDF /* NewsViewController.swift in Sources */,
				555B99D126F4FA6100FCDFDF /* NewsCell.swift in Sources */,
				555B99B226F4CF2A00FCDFDF /* SceneDelegate.swift in Sources */,
			);
			runOnlyForDeploymentPostprocessing = 0;
		};
/* End PBXSourcesBuildPhase section */

/* Begin PBXVariantGroup section */
		555B99BD26F4CF2B00FCDFDF /* LaunchScreen.storyboard */ = {
			isa = PBXVariantGroup;
			children = (
				555B99BE26F4CF2B00FCDFDF /* Base */,
			);
			name = LaunchScreen.storyboard;
			sourceTree = "<group>";
		};
/* End PBXVariantGroup section */

/* Begin XCBuildConfiguration section */
		555B99C126F4CF2B00FCDFDF /* Debug */ = {
			isa = XCBuildConfiguration;
			buildSettings = {
				ALWAYS_SEARCH_USER_PATHS = NO;
				CLANG_ANALYZER_NONNULL = YES;
				CLANG_ANALYZER_NUMBER_OBJECT_CONVERSION = YES_AGGRESSIVE;
				CLANG_CXX_LANGUAGE_STANDARD = "gnu++14";
				CLANG_CXX_LIBRARY = "libc++";
				CLANG_ENABLE_MODULES = YES;
				CLANG_ENABLE_OBJC_ARC = YES;
				CLANG_ENABLE_OBJC_WEAK = YES;
				CLANG_WARN_BLOCK_CAPTURE_AUTORELEASING = YES;
				CLANG_WARN_BOOL_CONVERSION = YES;
				CLANG_WARN_COMMA = YES;
				CLANG_WARN_CONSTANT_CONVERSION = YES;
				CLANG_WARN_DEPRECATED_OBJC_IMPLEMENTATIONS = YES;
				CLANG_WARN_DIRECT_OBJC_ISA_USAGE = YES_ERROR;
				CLANG_WARN_DOCUMENTATION_COMMENTS = YES;
				CLANG_WARN_EMPTY_BODY = YES;
				CLANG_WARN_ENUM_CONVERSION = YES;
				CLANG_WARN_INFINITE_RECURSION = YES;
				CLANG_WARN_INT_CONVERSION = YES;
				CLANG_WARN_NON_LITERAL_NULL_CONVERSION = YES;
				CLANG_WARN_OBJC_IMPLICIT_RETAIN_SELF = YES;
				CLANG_WARN_OBJC_LITERAL_CONVERSION = YES;
				CLANG_WARN_OBJC_ROOT_CLASS = YES_ERROR;
				CLANG_WARN_QUOTED_INCLUDE_IN_FRAMEWORK_HEADER = YES;
				CLANG_WARN_RANGE_LOOP_ANALYSIS = YES;
				CLANG_WARN_STRICT_PROTOTYPES = YES;
				CLANG_WARN_SUSPICIOUS_MOVE = YES;
				CLANG_WARN_UNGUARDED_AVAILABILITY = YES_AGGRESSIVE;
				CLANG_WARN_UNREACHABLE_CODE = YES;
				CLANG_WARN__DUPLICATE_METHOD_MATCH = YES;
				COPY_PHASE_STRIP = NO;
				DEBUG_INFORMATION_FORMAT = dwarf;
				ENABLE_STRICT_OBJC_MSGSEND = YES;
				ENABLE_TESTABILITY = YES;
				GCC_C_LANGUAGE_STANDARD = gnu11;
				GCC_DYNAMIC_NO_PIC = NO;
				GCC_NO_COMMON_BLOCKS = YES;
				GCC_OPTIMIZATION_LEVEL = 0;
				GCC_PREPROCESSOR_DEFINITIONS = (
					"DEBUG=1",
					"$(inherited)",
				);
				GCC_WARN_64_TO_32_BIT_CONVERSION = YES;
				GCC_WARN_ABOUT_RETURN_TYPE = YES_ERROR;
				GCC_WARN_UNDECLARED_SELECTOR = YES;
				GCC_WARN_UNINITIALIZED_AUTOS = YES_AGGRESSIVE;
				GCC_WARN_UNUSED_FUNCTION = YES;
				GCC_WARN_UNUSED_VARIABLE = YES;
				IPHONEOS_DEPLOYMENT_TARGET = 14.4;
				MTL_ENABLE_DEBUG_INFO = INCLUDE_SOURCE;
				MTL_FAST_MATH = YES;
				ONLY_ACTIVE_ARCH = YES;
				SDKROOT = iphoneos;
				SWIFT_ACTIVE_COMPILATION_CONDITIONS = DEBUG;
				SWIFT_OPTIMIZATION_LEVEL = "-Onone";
			};
			name = Debug;
		};
		555B99C226F4CF2B00FCDFDF /* Release */ = {
			isa = XCBuildConfiguration;
			buildSettings = {
				ALWAYS_SEARCH_USER_PATHS = NO;
				CLANG_ANALYZER_NONNULL = YES;
				CLANG_ANALYZER_NUMBER_OBJECT_CONVERSION = YES_AGGRESSIVE;
				CLANG_CXX_LANGUAGE_STANDARD = "gnu++14";
				CLANG_CXX_LIBRARY = "libc++";
				CLANG_ENABLE_MODULES = YES;
				CLANG_ENABLE_OBJC_ARC = YES;
				CLANG_ENABLE_OBJC_WEAK = YES;
				CLANG_WARN_BLOCK_CAPTURE_AUTORELEASING = YES;
				CLANG_WARN_BOOL_CONVERSION = YES;
				CLANG_WARN_COMMA = YES;
				CLANG_WARN_CONSTANT_CONVERSION = YES;
				CLANG_WARN_DEPRECATED_OBJC_IMPLEMENTATIONS = YES;
				CLANG_WARN_DIRECT_OBJC_ISA_USAGE = YES_ERROR;
				CLANG_WARN_DOCUMENTATION_COMMENTS = YES;
				CLANG_WARN_EMPTY_BODY = YES;
				CLANG_WARN_ENUM_CONVERSION = YES;
				CLANG_WARN_INFINITE_RECURSION = YES;
				CLANG_WARN_INT_CONVERSION = YES;
				CLANG_WARN_NON_LITERAL_NULL_CONVERSION = YES;
				CLANG_WARN_OBJC_IMPLICIT_RETAIN_SELF = YES;
				CLANG_WARN_OBJC_LITERAL_CONVERSION = YES;
				CLANG_WARN_OBJC_ROOT_CLASS = YES_ERROR;
				CLANG_WARN_QUOTED_INCLUDE_IN_FRAMEWORK_HEADER = YES;
				CLANG_WARN_RANGE_LOOP_ANALYSIS = YES;
				CLANG_WARN_STRICT_PROTOTYPES = YES;
				CLANG_WARN_SUSPICIOUS_MOVE = YES;
				CLANG_WARN_UNGUARDED_AVAILABILITY = YES_AGGRESSIVE;
				CLANG_WARN_UNREACHABLE_CODE = YES;
				CLANG_WARN__DUPLICATE_METHOD_MATCH = YES;
				COPY_PHASE_STRIP = NO;
				DEBUG_INFORMATION_FORMAT = "dwarf-with-dsym";
				ENABLE_NS_ASSERTIONS = NO;
				ENABLE_STRICT_OBJC_MSGSEND = YES;
				GCC_C_LANGUAGE_STANDARD = gnu11;
				GCC_NO_COMMON_BLOCKS = YES;
				GCC_WARN_64_TO_32_BIT_CONVERSION = YES;
				GCC_WARN_ABOUT_RETURN_TYPE = YES_ERROR;
				GCC_WARN_UNDECLARED_SELECTOR = YES;
				GCC_WARN_UNINITIALIZED_AUTOS = YES_AGGRESSIVE;
				GCC_WARN_UNUSED_FUNCTION = YES;
				GCC_WARN_UNUSED_VARIABLE = YES;
				IPHONEOS_DEPLOYMENT_TARGET = 14.4;
				MTL_ENABLE_DEBUG_INFO = NO;
				MTL_FAST_MATH = YES;
				SDKROOT = iphoneos;
				SWIFT_COMPILATION_MODE = wholemodule;
				SWIFT_OPTIMIZATION_LEVEL = "-O";
				VALIDATE_PRODUCT = YES;
			};
			name = Release;
		};
		555B99C426F4CF2B00FCDFDF /* Debug */ = {
			isa = XCBuildConfiguration;
			buildSettings = {
				ASSETCATALOG_COMPILER_APPICON_NAME = AppIcon;
				ASSETCATALOG_COMPILER_GLOBAL_ACCENT_COLOR_NAME = AccentColor;
				CODE_SIGN_STYLE = Automatic;
				DEVELOPMENT_TEAM = 7MQF3GGWS3;
				INFOPLIST_FILE = test_FINAM/Info.plist;
				LD_RUNPATH_SEARCH_PATHS = (
					"$(inherited)",
					"@executable_path/Frameworks",
				);
				PRODUCT_BUNDLE_IDENTIFIER = "Andrey.test-FINAM";
				PRODUCT_NAME = "$(TARGET_NAME)";
				SWIFT_VERSION = 5.0;
				TARGETED_DEVICE_FAMILY = "1,2";
			};
			name = Debug;
		};
		555B99C526F4CF2B00FCDFDF /* Release */ = {
			isa = XCBuildConfiguration;
			buildSettings = {
				ASSETCATALOG_COMPILER_APPICON_NAME = AppIcon;
				ASSETCATALOG_COMPILER_GLOBAL_ACCENT_COLOR_NAME = AccentColor;
				CODE_SIGN_STYLE = Automatic;
				DEVELOPMENT_TEAM = 7MQF3GGWS3;
				INFOPLIST_FILE = test_FINAM/Info.plist;
				LD_RUNPATH_SEARCH_PATHS = (
					"$(inherited)",
					"@executable_path/Frameworks",
				);
				PRODUCT_BUNDLE_IDENTIFIER = "Andrey.test-FINAM";
				PRODUCT_NAME = "$(TARGET_NAME)";
				SWIFT_VERSION = 5.0;
				TARGETED_DEVICE_FAMILY = "1,2";
			};
			name = Release;
		};
/* End XCBuildConfiguration section */

/* Begin XCConfigurationList section */
		555B99A726F4CF2A00FCDFDF /* Build configuration list for PBXProject "test_FINAM" */ = {
			isa = XCConfigurationList;
			buildConfigurations = (
				555B99C126F4CF2B00FCDFDF /* Debug */,
				555B99C226F4CF2B00FCDFDF /* Release */,
			);
			defaultConfigurationIsVisible = 0;
			defaultConfigurationName = Release;
		};
		555B99C326F4CF2B00FCDFDF /* Build configuration list for PBXNativeTarget "test_FINAM" */ = {
			isa = XCConfigurationList;
			buildConfigurations = (
				555B99C426F4CF2B00FCDFDF /* Debug */,
				555B99C526F4CF2B00FCDFDF /* Release */,
			);
			defaultConfigurationIsVisible = 0;
			defaultConfigurationName = Release;
		};
/* End XCConfigurationList section */

/* Begin XCVersionGroup section */
		555B99B826F4CF2A00FCDFDF /* test_FINAM.xcdatamodeld */ = {
			isa = XCVersionGroup;
			children = (
				555B99B926F4CF2A00FCDFDF /* test_FINAM.xcdatamodel */,
			);
			currentVersion = 555B99B926F4CF2A00FCDFDF /* test_FINAM.xcdatamodel */;
			path = test_FINAM.xcdatamodeld;
			sourceTree = "<group>";
			versionGroupType = wrapper.xcdatamodel;
		};
/* End XCVersionGroup section */
	};
	rootObject = 555B99A426F4CF2A00FCDFDF /* Project object */;
}
